
Microsoft Visual Studio Solution File, Format Version 12.00
# Visual Studio Version 16
VisualStudioVersion = 16.0.30711.63
MinimumVisualStudioVersion = 10.0.40219.1
Project("{8BC9CEB8-8B4A-11D0-8D11-00A0C91BC942}") = "Copper", "Copper.vcxproj", "{00339688-69F2-460B-AFDA-6F0E81F9FCDD}"
EndProject
Global
	GlobalSection(SolutionConfigurationPlatforms) = preSolution
		Debug|x64 = Debug|x64
		Debug|x86 = Debug|x86
		Release|x64 = Release|x64
		Release|x86 = Release|x86
	EndGlobalSection
	GlobalSection(ProjectConfigurationPlatforms) = postSolution
		{00339688-69F2-460B-AFDA-6F0E81F9FCDD}.Debug|x64.ActiveCfg = Debug|x64
		{00339688-69F2-460B-AFDA-6F0E81F9FCDD}.Debug|x64.Build.0 = Debug|x64
		{00339688-69F2-460B-AFDA-6F0E81F9FCDD}.Debug|x86.ActiveCfg = Debug|Win32
		{00339688-69F2-460B-AFDA-6F0E81F9FCDD}.Debug|x86.Build.0 = Debug|Win32
		{00339688-69F2-460B-AFDA-6F0E81F9FCDD}.Release|x64.ActiveCfg = Release|x64
		{00339688-69F2-460B-AFDA-6F0E81F9FCDD}.Release|x64.Build.0 = Release|x64
		{00339688-69F2-460B-AFDA-6F0E81F9FCDD}.Release|x86.ActiveCfg = Release|Win32
		{00339688-69F2-460B-AFDA-6F0E81F9FCDD}.Release|x86.Build.0 = Release|Win32
	EndGlobalSection
	GlobalSection(SolutionProperties) = preSolution
		HideSolutionNode = FALSE
	EndGlobalSection
	GlobalSection(ExtensibilityGlobals) = postSolution
		SolutionGuid = {EBCDA9D5-9675-4AE1-8B27-0AD07007AA23}
	EndGlobalSection
EndGlobal
